
Microsoft Visual Studio Solution File, Format Version 12.00
# Visual Studio 15
VisualStudioVersion = 15.0.27703.2026
MinimumVisualStudioVersion = 10.0.40219.1
Project("{151D2E53-A2C4-4D7D-83FE-D05416EBD58E}") = "FinalStorage", "FinalStorage\FinalStorage.deployproj", "{07350C95-7B67-40C5-833D-8F4B6C0B467B}"
EndProject
Global
	GlobalSection(SolutionConfigurationPlatforms) = preSolution
		Debug|Any CPU = Debug|Any CPU
		Release|Any CPU = Release|Any CPU
	EndGlobalSection
	GlobalSection(ProjectConfigurationPlatforms) = postSolution
		{07350C95-7B67-40C5-833D-8F4B6C0B467B}.Debug|Any CPU.ActiveCfg = Debug|Any CPU
		{07350C95-7B67-40C5-833D-8F4B6C0B467B}.Debug|Any CPU.Build.0 = Debug|Any CPU
		{07350C95-7B67-40C5-833D-8F4B6C0B467B}.Release|Any CPU.ActiveCfg = Release|Any CPU
		{07350C95-7B67-40C5-833D-8F4B6C0B467B}.Release|Any CPU.Build.0 = Release|Any CPU
	EndGlobalSection
	GlobalSection(SolutionProperties) = preSolution
		HideSolutionNode = FALSE
	EndGlobalSection
	GlobalSection(ExtensibilityGlobals) = postSolution
		SolutionGuid = {C3F64D68-F8BE-4E8C-A736-D1ABE564B212}
	EndGlobalSection
EndGlobal
